
Microsoft Visual Studio Solution File, Format Version 12.00
# Visual Studio Version 17
VisualStudioVersion = 17.3.32804.467
MinimumVisualStudioVersion = 10.0.40219.1
Project("{FAE04EC0-301F-11D3-BF4B-00C04F79EFBC}") = "ListaPrecios", "ListaPrecios\ListaPrecios.csproj", "{1EC2AC38-66A5-4996-9D35-9918E6C6C5AD}"
EndProject
Global
	GlobalSection(SolutionConfigurationPlatforms) = preSolution
		Debug|Any CPU = Debug|Any CPU
		Release|Any CPU = Release|Any CPU
	EndGlobalSection
	GlobalSection(ProjectConfigurationPlatforms) = postSolution
		{1EC2AC38-66A5-4996-9D35-9918E6C6C5AD}.Debug|Any CPU.ActiveCfg = Debug|Any CPU
		{1EC2AC38-66A5-4996-9D35-9918E6C6C5AD}.Debug|Any CPU.Build.0 = Debug|Any CPU
		{1EC2AC38-66A5-4996-9D35-9918E6C6C5AD}.Release|Any CPU.ActiveCfg = Release|Any CPU
		{1EC2AC38-66A5-4996-9D35-9918E6C6C5AD}.Release|Any CPU.Build.0 = Release|Any CPU
	EndGlobalSection
	GlobalSection(SolutionProperties) = preSolution
		HideSolutionNode = FALSE
	EndGlobalSection
	GlobalSection(ExtensibilityGlobals) = postSolution
		SolutionGuid = {D4C8BAB5-3D58-429F-90C9-B6A8E34C6A80}
	EndGlobalSection
EndGlobal
